// !$*UTF8*$!
{
	archiveVersion = 1;
	classes = {
	};
	objectVersion = 77;
	objects = {

/* Begin PBXBuildFile section */
		096DA17FE4D46000B7571672 /* PlaybackEngineFactory.swift in Sources */ = {isa = PBXBuildFile; fileRef = E193BDD6260977714A8910AE /* PlaybackEngineFactory.swift */; };
		0BC1F338F66D301610B61D97 /* VLCKit.xcframework in Frameworks */ = {isa = PBXBuildFile; fileRef = 31F1DBE11C9CCE9FDE8CDDB6 /* VLCKit.xcframework */; };
		3187F8FD2C2C21FC4C323372 /* VLCPlaybackEngine.swift in Sources */ = {isa = PBXBuildFile; fileRef = E216CF9C8AB75CE17B34A575 /* VLCPlaybackEngine.swift */; };
		34DBA275DA5B8F857D8CD5C6 /* SubtitleCue.swift in Sources */ = {isa = PBXBuildFile; fileRef = 6914C20CE526C41F63348EE9 /* SubtitleCue.swift */; };
		34DEF716B838FEDC80177DCA /* VideoOpenPanel.swift in Sources */ = {isa = PBXBuildFile; fileRef = E401F35D80D07A5A4E9FA92B /* VideoOpenPanel.swift */; };
		3CC7D2E410274F4D7198304C /* PlaybackEngine.swift in Sources */ = {isa = PBXBuildFile; fileRef = 0F44939527D2854FB968E6D5 /* PlaybackEngine.swift */; };
		45A1F747A258982A59D1D8F2 /* SRTParser.swift in Sources */ = {isa = PBXBuildFile; fileRef = E7D7B159A8D54A1AF7193E71 /* SRTParser.swift */; };
		5CCAD30DA88FE0F49BFA1676 /* JustPlayNativeApp.swift in Sources */ = {isa = PBXBuildFile; fileRef = 00B080886AF45493FEE25809 /* JustPlayNativeApp.swift */; };
		6FD6D7E9561363AE94A9DD24 /* DropURLLoader.swift in Sources */ = {isa = PBXBuildFile; fileRef = 03E45962A885B68F20CD371C /* DropURLLoader.swift */; };
		747398B5EE965302D04810DB /* SubtitleSelectionModels.swift in Sources */ = {isa = PBXBuildFile; fileRef = 6DFCC1135B9C39A9421CF817 /* SubtitleSelectionModels.swift */; };
		7DBFBB90CE7B9D4D0C8C5B26 /* RecentPlaybackEntry.swift in Sources */ = {isa = PBXBuildFile; fileRef = 2E49E8946E2E1203F4F6D4EE /* RecentPlaybackEntry.swift */; };
		7E3DEF84CF535C71E8AD1E61 /* PlaybackEngineView.swift in Sources */ = {isa = PBXBuildFile; fileRef = CA8AB22BE4B7208D0CE4CE17 /* PlaybackEngineView.swift */; };
		8499534414EF206203C4CF41 /* AVFoundationPlaybackEngine.swift in Sources */ = {isa = PBXBuildFile; fileRef = DCD863B049B03E0588B3E562 /* AVFoundationPlaybackEngine.swift */; };
		8F2DF426446282919CD76968 /* Assets.xcassets in Resources */ = {isa = PBXBuildFile; fileRef = DBB037F24B98F8C5176CF01D /* Assets.xcassets */; };
		989F08635834A1D29EB57961 /* PlaybackState.swift in Sources */ = {isa = PBXBuildFile; fileRef = FF1F582AF6C17D350FA6F56B /* PlaybackState.swift */; };
		A05AE1536231007CBA0BA4F3 /* RecentPlaybackStore.swift in Sources */ = {isa = PBXBuildFile; fileRef = 21C60CF40DFCF37D1160BD8F /* RecentPlaybackStore.swift */; };
		AF116CD0775E1BC5DE97D71C /* AppOpenBus.swift in Sources */ = {isa = PBXBuildFile; fileRef = 851F6C378CC53565D461318F /* AppOpenBus.swift */; };
		B8CCD042942F720AFCBA255A /* PlayerViewModel.swift in Sources */ = {isa = PBXBuildFile; fileRef = D77848B7E26FE6B14FCBDD0D /* PlayerViewModel.swift */; };
		C2B9630F082E8E0017F19111 /* ContentView.swift in Sources */ = {isa = PBXBuildFile; fileRef = 007EE3686B226AB77A2E4092 /* ContentView.swift */; };
		DC9FBFA2334AF57B1279DD31 /* RecentFilesPanel.swift in Sources */ = {isa = PBXBuildFile; fileRef = E4571405250499A789CDDBB7 /* RecentFilesPanel.swift */; };
		E1452D4A1BA3ACC4DFC6498A /* VLCKit.xcframework in Embed Frameworks */ = {isa = PBXBuildFile; fileRef = 31F1DBE11C9CCE9FDE8CDDB6 /* VLCKit.xcframework */; settings = {ATTRIBUTES = (CodeSignOnCopy, RemoveHeadersOnCopy, ); }; };
/* End PBXBuildFile section */

/* Begin PBXCopyFilesBuildPhase section */
		B55B704412B2B0CDD1A5B79B /* Embed Frameworks */ = {
			isa = PBXCopyFilesBuildPhase;
			buildActionMask = 2147483647;
			dstPath = "";
			dstSubfolderSpec = 10;
			files = (
				E1452D4A1BA3ACC4DFC6498A /* VLCKit.xcframework in Embed Frameworks */,
			);
			name = "Embed Frameworks";
			runOnlyForDeploymentPostprocessing = 0;
		};
/* End PBXCopyFilesBuildPhase section */

/* Begin PBXFileReference section */
		007EE3686B226AB77A2E4092 /* ContentView.swift */ = {isa = PBXFileReference; lastKnownFileType = sourcecode.swift; path = ContentView.swift; sourceTree = "<group>"; };
		00B080886AF45493FEE25809 /* JustPlayNativeApp.swift */ = {isa = PBXFileReference; lastKnownFileType = sourcecode.swift; path = JustPlayNativeApp.swift; sourceTree = "<group>"; };
		03E45962A885B68F20CD371C /* DropURLLoader.swift */ = {isa = PBXFileReference; lastKnownFileType = sourcecode.swift; path = DropURLLoader.swift; sourceTree = "<group>"; };
		0F44939527D2854FB968E6D5 /* PlaybackEngine.swift */ = {isa = PBXFileReference; lastKnownFileType = sourcecode.swift; path = PlaybackEngine.swift; sourceTree = "<group>"; };
		21C60CF40DFCF37D1160BD8F /* RecentPlaybackStore.swift */ = {isa = PBXFileReference; lastKnownFileType = sourcecode.swift; path = RecentPlaybackStore.swift; sourceTree = "<group>"; };
		2E49E8946E2E1203F4F6D4EE /* RecentPlaybackEntry.swift */ = {isa = PBXFileReference; lastKnownFileType = sourcecode.swift; path = RecentPlaybackEntry.swift; sourceTree = "<group>"; };
		31F1DBE11C9CCE9FDE8CDDB6 /* VLCKit.xcframework */ = {isa = PBXFileReference; lastKnownFileType = wrapper.xcframework; name = VLCKit.xcframework; path = Carthage/Build/VLCKit.xcframework; sourceTree = "<group>"; };
		6914C20CE526C41F63348EE9 /* SubtitleCue.swift */ = {isa = PBXFileReference; lastKnownFileType = sourcecode.swift; path = SubtitleCue.swift; sourceTree = "<group>"; };
		6B06DA0AAAF690E3C0E1D43A /* Info.plist */ = {isa = PBXFileReference; lastKnownFileType = text.plist; path = Info.plist; sourceTree = "<group>"; };
		6DFCC1135B9C39A9421CF817 /* SubtitleSelectionModels.swift */ = {isa = PBXFileReference; lastKnownFileType = sourcecode.swift; path = SubtitleSelectionModels.swift; sourceTree = "<group>"; };
		851F6C378CC53565D461318F /* AppOpenBus.swift */ = {isa = PBXFileReference; lastKnownFileType = sourcecode.swift; path = AppOpenBus.swift; sourceTree = "<group>"; };
		9EEB764BFDBE9F88B490898A /* JustPlayNative.app */ = {isa = PBXFileReference; explicitFileType = wrapper.application; includeInIndex = 0; path = JustPlayNative.app; sourceTree = BUILT_PRODUCTS_DIR; };
		CA8AB22BE4B7208D0CE4CE17 /* PlaybackEngineView.swift */ = {isa = PBXFileReference; lastKnownFileType = sourcecode.swift; path = PlaybackEngineView.swift; sourceTree = "<group>"; };
		D77848B7E26FE6B14FCBDD0D /* PlayerViewModel.swift */ = {isa = PBXFileReference; lastKnownFileType = sourcecode.swift; path = PlayerViewModel.swift; sourceTree = "<group>"; };
		DBB037F24B98F8C5176CF01D /* Assets.xcassets */ = {isa = PBXFileReference; lastKnownFileType = folder.assetcatalog; path = Assets.xcassets; sourceTree = "<group>"; };
		DCD863B049B03E0588B3E562 /* AVFoundationPlaybackEngine.swift */ = {isa = PBXFileReference; lastKnownFileType = sourcecode.swift; path = AVFoundationPlaybackEngine.swift; sourceTree = "<group>"; };
		E193BDD6260977714A8910AE /* PlaybackEngineFactory.swift */ = {isa = PBXFileReference; lastKnownFileType = sourcecode.swift; path = PlaybackEngineFactory.swift; sourceTree = "<group>"; };
		E216CF9C8AB75CE17B34A575 /* VLCPlaybackEngine.swift */ = {isa = PBXFileReference; lastKnownFileType = sourcecode.swift; path = VLCPlaybackEngine.swift; sourceTree = "<group>"; };
		E401F35D80D07A5A4E9FA92B /* VideoOpenPanel.swift */ = {isa = PBXFileReference; lastKnownFileType = sourcecode.swift; path = VideoOpenPanel.swift; sourceTree = "<group>"; };
		E4571405250499A789CDDBB7 /* RecentFilesPanel.swift */ = {isa = PBXFileReference; lastKnownFileType = sourcecode.swift; path = RecentFilesPanel.swift; sourceTree = "<group>"; };
		E7D7B159A8D54A1AF7193E71 /* SRTParser.swift */ = {isa = PBXFileReference; lastKnownFileType = sourcecode.swift; path = SRTParser.swift; sourceTree = "<group>"; };
		FF1F582AF6C17D350FA6F56B /* PlaybackState.swift */ = {isa = PBXFileReference; lastKnownFileType = sourcecode.swift; path = PlaybackState.swift; sourceTree = "<group>"; };
/* End PBXFileReference section */

/* Begin PBXFrameworksBuildPhase section */
		6D7EEE6B572075723063971B /* Frameworks */ = {
			isa = PBXFrameworksBuildPhase;
			buildActionMask = 2147483647;
			files = (
				0BC1F338F66D301610B61D97 /* VLCKit.xcframework in Frameworks */,
			);
			runOnlyForDeploymentPostprocessing = 0;
		};
/* End PBXFrameworksBuildPhase section */

/* Begin PBXGroup section */
		07FA56978CE233C08490313D /* Frameworks */ = {
			isa = PBXGroup;
			children = (
				31F1DBE11C9CCE9FDE8CDDB6 /* VLCKit.xcframework */,
			);
			name = Frameworks;
			sourceTree = "<group>";
		};
		16524567ABC7A4419BB095DC /* Playback */ = {
			isa = PBXGroup;
			children = (
				DCD863B049B03E0588B3E562 /* AVFoundationPlaybackEngine.swift */,
				0F44939527D2854FB968E6D5 /* PlaybackEngine.swift */,
				E193BDD6260977714A8910AE /* PlaybackEngineFactory.swift */,
				CA8AB22BE4B7208D0CE4CE17 /* PlaybackEngineView.swift */,
				FF1F582AF6C17D350FA6F56B /* PlaybackState.swift */,
				E216CF9C8AB75CE17B34A575 /* VLCPlaybackEngine.swift */,
			);
			path = Playback;
			sourceTree = "<group>";
		};
		1EDBAC7EC50C3742FDAC0A3F = {
			isa = PBXGroup;
			children = (
				B946E69DD2CFD3DE9A9D5C4D /* Sources */,
				07FA56978CE233C08490313D /* Frameworks */,
				AA69949B6E929C34A1D0CCC4 /* Products */,
			);
			sourceTree = "<group>";
		};
		861362A8F8F9FF8777CAFFA9 /* Subtitles */ = {
			isa = PBXGroup;
			children = (
				E7D7B159A8D54A1AF7193E71 /* SRTParser.swift */,
				6914C20CE526C41F63348EE9 /* SubtitleCue.swift */,
				6DFCC1135B9C39A9421CF817 /* SubtitleSelectionModels.swift */,
			);
			path = Subtitles;
			sourceTree = "<group>";
		};
		AA69949B6E929C34A1D0CCC4 /* Products */ = {
			isa = PBXGroup;
			children = (
				9EEB764BFDBE9F88B490898A /* JustPlayNative.app */,
			);
			name = Products;
			sourceTree = "<group>";
		};
		B946E69DD2CFD3DE9A9D5C4D /* Sources */ = {
			isa = PBXGroup;
			children = (
				851F6C378CC53565D461318F /* AppOpenBus.swift */,
				DBB037F24B98F8C5176CF01D /* Assets.xcassets */,
				007EE3686B226AB77A2E4092 /* ContentView.swift */,
				03E45962A885B68F20CD371C /* DropURLLoader.swift */,
				6B06DA0AAAF690E3C0E1D43A /* Info.plist */,
				00B080886AF45493FEE25809 /* JustPlayNativeApp.swift */,
				D77848B7E26FE6B14FCBDD0D /* PlayerViewModel.swift */,
				E4571405250499A789CDDBB7 /* RecentFilesPanel.swift */,
				E401F35D80D07A5A4E9FA92B /* VideoOpenPanel.swift */,
				16524567ABC7A4419BB095DC /* Playback */,
				E06BF2A1B22F52F2EC47333A /* Recents */,
				861362A8F8F9FF8777CAFFA9 /* Subtitles */,
			);
			path = Sources;
			sourceTree = "<group>";
		};
		E06BF2A1B22F52F2EC47333A /* Recents */ = {
			isa = PBXGroup;
			children = (
				2E49E8946E2E1203F4F6D4EE /* RecentPlaybackEntry.swift */,
				21C60CF40DFCF37D1160BD8F /* RecentPlaybackStore.swift */,
			);
			path = Recents;
			sourceTree = "<group>";
		};
/* End PBXGroup section */

/* Begin PBXNativeTarget section */
		0C02F680C20199FD7470BFC5 /* JustPlayNative */ = {
			isa = PBXNativeTarget;
			buildConfigurationList = 15D153C4F40B28E52E712906 /* Build configuration list for PBXNativeTarget "JustPlayNative" */;
			buildPhases = (
				055C3DF273DD6931052E5E7C /* Sources */,
				611986BE492F9A767BFCD438 /* Resources */,
				6D7EEE6B572075723063971B /* Frameworks */,
				B55B704412B2B0CDD1A5B79B /* Embed Frameworks */,
			);
			buildRules = (
			);
			dependencies = (
			);
			name = JustPlayNative;
			packageProductDependencies = (
			);
			productName = JustPlayNative;
			productReference = 9EEB764BFDBE9F88B490898A /* JustPlayNative.app */;
			productType = "com.apple.product-type.application";
		};
/* End PBXNativeTarget section */

/* Begin PBXProject section */
		463CFD970FD1CA60B90AA847 /* Project object */ = {
			isa = PBXProject;
			attributes = {
				BuildIndependentTargetsInParallel = YES;
				LastUpgradeCheck = 1430;
			};
			buildConfigurationList = 2BDA7816549FB26513717D48 /* Build configuration list for PBXProject "JustPlayNative" */;
			compatibilityVersion = "Xcode 14.0";
			developmentRegion = en;
			hasScannedForEncodings = 0;
			knownRegions = (
				Base,
				en,
			);
			mainGroup = 1EDBAC7EC50C3742FDAC0A3F;
			minimizedProjectReferenceProxies = 1;
			preferredProjectObjectVersion = 77;
			projectDirPath = "";
			projectRoot = "";
			targets = (
				0C02F680C20199FD7470BFC5 /* JustPlayNative */,
			);
		};
/* End PBXProject section */

/* Begin PBXResourcesBuildPhase section */
		611986BE492F9A767BFCD438 /* Resources */ = {
			isa = PBXResourcesBuildPhase;
			buildActionMask = 2147483647;
			files = (
				8F2DF426446282919CD76968 /* Assets.xcassets in Resources */,
			);
			runOnlyForDeploymentPostprocessing = 0;
		};
/* End PBXResourcesBuildPhase section */

/* Begin PBXSourcesBuildPhase section */
		055C3DF273DD6931052E5E7C /* Sources */ = {
			isa = PBXSourcesBuildPhase;
			buildActionMask = 2147483647;
			files = (
				8499534414EF206203C4CF41 /* AVFoundationPlaybackEngine.swift in Sources */,
				AF116CD0775E1BC5DE97D71C /* AppOpenBus.swift in Sources */,
				C2B9630F082E8E0017F19111 /* ContentView.swift in Sources */,
				6FD6D7E9561363AE94A9DD24 /* DropURLLoader.swift in Sources */,
				5CCAD30DA88FE0F49BFA1676 /* JustPlayNativeApp.swift in Sources */,
				3CC7D2E410274F4D7198304C /* PlaybackEngine.swift in Sources */,
				096DA17FE4D46000B7571672 /* PlaybackEngineFactory.swift in Sources */,
				7E3DEF84CF535C71E8AD1E61 /* PlaybackEngineView.swift in Sources */,
				989F08635834A1D29EB57961 /* PlaybackState.swift in Sources */,
				B8CCD042942F720AFCBA255A /* PlayerViewModel.swift in Sources */,
				DC9FBFA2334AF57B1279DD31 /* RecentFilesPanel.swift in Sources */,
				7DBFBB90CE7B9D4D0C8C5B26 /* RecentPlaybackEntry.swift in Sources */,
				A05AE1536231007CBA0BA4F3 /* RecentPlaybackStore.swift in Sources */,
				45A1F747A258982A59D1D8F2 /* SRTParser.swift in Sources */,
				34DBA275DA5B8F857D8CD5C6 /* SubtitleCue.swift in Sources */,
				747398B5EE965302D04810DB /* SubtitleSelectionModels.swift in Sources */,
				3187F8FD2C2C21FC4C323372 /* VLCPlaybackEngine.swift in Sources */,
				34DEF716B838FEDC80177DCA /* VideoOpenPanel.swift in Sources */,
			);
			runOnlyForDeploymentPostprocessing = 0;
		};
/* End PBXSourcesBuildPhase section */

/* Begin XCBuildConfiguration section */
		398C0DC42A0ECABF6BBBFF69 /* Release */ = {
			isa = XCBuildConfiguration;
			buildSettings = {
				ASSETCATALOG_COMPILER_APPICON_NAME = AppIcon;
				COMBINE_HIDPI_IMAGES = YES;
				FRAMEWORK_SEARCH_PATHS = (
					"$(inherited)",
					"\"Carthage/Build\"",
				);
				INFOPLIST_FILE = Sources/Info.plist;
				LD_RUNPATH_SEARCH_PATHS = (
					"$(inherited)",
					"@executable_path/../Frameworks",
				);
				MACOSX_DEPLOYMENT_TARGET = 13.0;
				PRODUCT_BUNDLE_IDENTIFIER = com.justplay.native;
				PRODUCT_NAME = JustPlay;
				SDKROOT = macosx;
			};
			name = Release;
		};
		6D0F3BF0B01C986BAA7853C5 /* Debug */ = {
			isa = XCBuildConfiguration;
			buildSettings = {
				ALWAYS_SEARCH_USER_PATHS = NO;
				CLANG_ANALYZER_NONNULL = YES;
				CLANG_ANALYZER_NUMBER_OBJECT_CONVERSION = YES_AGGRESSIVE;
				CLANG_CXX_LANGUAGE_STANDARD = "gnu++14";
				CLANG_CXX_LIBRARY = "libc++";
				CLANG_ENABLE_MODULES = YES;
				CLANG_ENABLE_OBJC_ARC = YES;
				CLANG_ENABLE_OBJC_WEAK = YES;
				CLANG_WARN_BLOCK_CAPTURE_AUTORELEASING = YES;
				CLANG_WARN_BOOL_CONVERSION = YES;
				CLANG_WARN_COMMA = YES;
				CLANG_WARN_CONSTANT_CONVERSION = YES;
				CLANG_WARN_DEPRECATED_OBJC_IMPLEMENTATIONS = YES;
				CLANG_WARN_DIRECT_OBJC_ISA_USAGE = YES_ERROR;
				CLANG_WARN_DOCUMENTATION_COMMENTS = YES;
				CLANG_WARN_EMPTY_BODY = YES;
				CLANG_WARN_ENUM_CONVERSION = YES;
				CLANG_WARN_INFINITE_RECURSION = YES;
				CLANG_WARN_INT_CONVERSION = YES;
				CLANG_WARN_NON_LITERAL_NULL_CONVERSION = YES;
				CLANG_WARN_OBJC_IMPLICIT_RETAIN_SELF = YES;
				CLANG_WARN_OBJC_LITERAL_CONVERSION = YES;
				CLANG_WARN_OBJC_ROOT_CLASS = YES_ERROR;
				CLANG_WARN_QUOTED_INCLUDE_IN_FRAMEWORK_HEADER = YES;
				CLANG_WARN_RANGE_LOOP_ANALYSIS = YES;
				CLANG_WARN_STRICT_PROTOTYPES = YES;
				CLANG_WARN_SUSPICIOUS_MOVE = YES;
				CLANG_WARN_UNGUARDED_AVAILABILITY = YES_AGGRESSIVE;
				CLANG_WARN_UNREACHABLE_CODE = YES;
				CLANG_WARN__DUPLICATE_METHOD_MATCH = YES;
				COPY_PHASE_STRIP = NO;
				DEBUG_INFORMATION_FORMAT = dwarf;
				ENABLE_STRICT_OBJC_MSGSEND = YES;
				ENABLE_TESTABILITY = YES;
				GCC_C_LANGUAGE_STANDARD = gnu11;
				GCC_DYNAMIC_NO_PIC = NO;
				GCC_NO_COMMON_BLOCKS = YES;
				GCC_OPTIMIZATION_LEVEL = 0;
				GCC_PREPROCESSOR_DEFINITIONS = (
					"$(inherited)",
					"DEBUG=1",
				);
				GCC_WARN_64_TO_32_BIT_CONVERSION = YES;
				GCC_WARN_ABOUT_RETURN_TYPE = YES_ERROR;
				GCC_WARN_UNDECLARED_SELECTOR = YES;
				GCC_WARN_UNINITIALIZED_AUTOS = YES_AGGRESSIVE;
				GCC_WARN_UNUSED_FUNCTION = YES;
				GCC_WARN_UNUSED_VARIABLE = YES;
				MTL_ENABLE_DEBUG_INFO = INCLUDE_SOURCE;
				MTL_FAST_MATH = YES;
				ONLY_ACTIVE_ARCH = YES;
				PRODUCT_NAME = "$(TARGET_NAME)";
				SDKROOT = macosx;
				SWIFT_ACTIVE_COMPILATION_CONDITIONS = DEBUG;
				SWIFT_OPTIMIZATION_LEVEL = "-Onone";
				SWIFT_VERSION = 5.9;
			};
			name = Debug;
		};
		9DB77FEE1FD431534085F956 /* Debug */ = {
			isa = XCBuildConfiguration;
			buildSettings = {
				ASSETCATALOG_COMPILER_APPICON_NAME = AppIcon;
				COMBINE_HIDPI_IMAGES = YES;
				FRAMEWORK_SEARCH_PATHS = (
					"$(inherited)",
					"\"Carthage/Build\"",
				);
				INFOPLIST_FILE = Sources/Info.plist;
				LD_RUNPATH_SEARCH_PATHS = (
					"$(inherited)",
					"@executable_path/../Frameworks",
				);
				MACOSX_DEPLOYMENT_TARGET = 13.0;
				PRODUCT_BUNDLE_IDENTIFIER = com.justplay.native;
				PRODUCT_NAME = JustPlay;
				SDKROOT = macosx;
			};
			name = Debug;
		};
		B350E23E221F105A475238EC /* Release */ = {
			isa = XCBuildConfiguration;
			buildSettings = {
				ALWAYS_SEARCH_USER_PATHS = NO;
				CLANG_ANALYZER_NONNULL = YES;
				CLANG_ANALYZER_NUMBER_OBJECT_CONVERSION = YES_AGGRESSIVE;
				CLANG_CXX_LANGUAGE_STANDARD = "gnu++14";
				CLANG_CXX_LIBRARY = "libc++";
				CLANG_ENABLE_MODULES = YES;
				CLANG_ENABLE_OBJC_ARC = YES;
				CLANG_ENABLE_OBJC_WEAK = YES;
				CLANG_WARN_BLOCK_CAPTURE_AUTORELEASING = YES;
				CLANG_WARN_BOOL_CONVERSION = YES;
				CLANG_WARN_COMMA = YES;
				CLANG_WARN_CONSTANT_CONVERSION = YES;
				CLANG_WARN_DEPRECATED_OBJC_IMPLEMENTATIONS = YES;
				CLANG_WARN_DIRECT_OBJC_ISA_USAGE = YES_ERROR;
				CLANG_WARN_DOCUMENTATION_COMMENTS = YES;
				CLANG_WARN_EMPTY_BODY = YES;
				CLANG_WARN_ENUM_CONVERSION = YES;
				CLANG_WARN_INFINITE_RECURSION = YES;
				CLANG_WARN_INT_CONVERSION = YES;
				CLANG_WARN_NON_LITERAL_NULL_CONVERSION = YES;
				CLANG_WARN_OBJC_IMPLICIT_RETAIN_SELF = YES;
				CLANG_WARN_OBJC_LITERAL_CONVERSION = YES;
				CLANG_WARN_OBJC_ROOT_CLASS = YES_ERROR;
				CLANG_WARN_QUOTED_INCLUDE_IN_FRAMEWORK_HEADER = YES;
				CLANG_WARN_RANGE_LOOP_ANALYSIS = YES;
				CLANG_WARN_STRICT_PROTOTYPES = YES;
				CLANG_WARN_SUSPICIOUS_MOVE = YES;
				CLANG_WARN_UNGUARDED_AVAILABILITY = YES_AGGRESSIVE;
				CLANG_WARN_UNREACHABLE_CODE = YES;
				CLANG_WARN__DUPLICATE_METHOD_MATCH = YES;
				COPY_PHASE_STRIP = NO;
				DEBUG_INFORMATION_FORMAT = "dwarf-with-dsym";
				ENABLE_NS_ASSERTIONS = NO;
				ENABLE_STRICT_OBJC_MSGSEND = YES;
				GCC_C_LANGUAGE_STANDARD = gnu11;
				GCC_NO_COMMON_BLOCKS = YES;
				GCC_WARN_64_TO_32_BIT_CONVERSION = YES;
				GCC_WARN_ABOUT_RETURN_TYPE = YES_ERROR;
				GCC_WARN_UNDECLARED_SELECTOR = YES;
				GCC_WARN_UNINITIALIZED_AUTOS = YES_AGGRESSIVE;
				GCC_WARN_UNUSED_FUNCTION = YES;
				GCC_WARN_UNUSED_VARIABLE = YES;
				MTL_ENABLE_DEBUG_INFO = NO;
				MTL_FAST_MATH = YES;
				PRODUCT_NAME = "$(TARGET_NAME)";
				SDKROOT = macosx;
				SWIFT_COMPILATION_MODE = wholemodule;
				SWIFT_OPTIMIZATION_LEVEL = "-O";
				SWIFT_VERSION = 5.9;
			};
			name = Release;
		};
/* End XCBuildConfiguration section */

/* Begin XCConfigurationList section */
		15D153C4F40B28E52E712906 /* Build configuration list for PBXNativeTarget "JustPlayNative" */ = {
			isa = XCConfigurationList;
			buildConfigurations = (
				9DB77FEE1FD431534085F956 /* Debug */,
				398C0DC42A0ECABF6BBBFF69 /* Release */,
			);
			defaultConfigurationIsVisible = 0;
			defaultConfigurationName = Debug;
		};
		2BDA7816549FB26513717D48 /* Build configuration list for PBXProject "JustPlayNative" */ = {
			isa = XCConfigurationList;
			buildConfigurations = (
				6D0F3BF0B01C986BAA7853C5 /* Debug */,
				B350E23E221F105A475238EC /* Release */,
			);
			defaultConfigurationIsVisible = 0;
			defaultConfigurationName = Debug;
		};
/* End XCConfigurationList section */
	};
	rootObject = 463CFD970FD1CA60B90AA847 /* Project object */;
}
